
Microsoft Visual Studio Solution File, Format Version 12.00
# Visual Studio Version 17
VisualStudioVersion = 17.0.31903.59
MinimumVisualStudioVersion = 10.0.40219.1
Project("{FAE04EC0-301F-11D3-BF4B-00C04F79EFBC}") = "GesFin.Core", "GesFin.Core\GesFin.Core.csproj", "{AB2AE1C6-D79D-40EE-9CDF-83295EF860A5}"
EndProject
Project("{FAE04EC0-301F-11D3-BF4B-00C04F79EFBC}") = "GesFin.Api", "GesFin.Api\GesFin.Api.csproj", "{8B6B2112-9EDD-46B1-8514-4FAF399843C4}"
EndProject
Project("{FAE04EC0-301F-11D3-BF4B-00C04F79EFBC}") = "GesFin.Web", "GesFin.Web\GesFin.Web.csproj", "{1F26D7F6-71D4-4CB9-BBB1-5F6D8FB6E0D1}"
EndProject
Global
	GlobalSection(SolutionConfigurationPlatforms) = preSolution
		Debug|Any CPU = Debug|Any CPU
		Release|Any CPU = Release|Any CPU
	EndGlobalSection
	GlobalSection(SolutionProperties) = preSolution
		HideSolutionNode = FALSE
	EndGlobalSection
	GlobalSection(ProjectConfigurationPlatforms) = postSolution
		{AB2AE1C6-D79D-40EE-9CDF-83295EF860A5}.Debug|Any CPU.ActiveCfg = Debug|Any CPU
		{AB2AE1C6-D79D-40EE-9CDF-83295EF860A5}.Debug|Any CPU.Build.0 = Debug|Any CPU
		{AB2AE1C6-D79D-40EE-9CDF-83295EF860A5}.Release|Any CPU.ActiveCfg = Release|Any CPU
		{AB2AE1C6-D79D-40EE-9CDF-83295EF860A5}.Release|Any CPU.Build.0 = Release|Any CPU
		{8B6B2112-9EDD-46B1-8514-4FAF399843C4}.Debug|Any CPU.ActiveCfg = Debug|Any CPU
		{8B6B2112-9EDD-46B1-8514-4FAF399843C4}.Debug|Any CPU.Build.0 = Debug|Any CPU
		{8B6B2112-9EDD-46B1-8514-4FAF399843C4}.Release|Any CPU.ActiveCfg = Release|Any CPU
		{8B6B2112-9EDD-46B1-8514-4FAF399843C4}.Release|Any CPU.Build.0 = Release|Any CPU
		{1F26D7F6-71D4-4CB9-BBB1-5F6D8FB6E0D1}.Debug|Any CPU.ActiveCfg = Debug|Any CPU
		{1F26D7F6-71D4-4CB9-BBB1-5F6D8FB6E0D1}.Debug|Any CPU.Build.0 = Debug|Any CPU
		{1F26D7F6-71D4-4CB9-BBB1-5F6D8FB6E0D1}.Release|Any CPU.ActiveCfg = Release|Any CPU
		{1F26D7F6-71D4-4CB9-BBB1-5F6D8FB6E0D1}.Release|Any CPU.Build.0 = Release|Any CPU
	EndGlobalSection
EndGlobal
